<?xml version="1.0" encoding="UTF-8" standalone="yes" ?>
<CodeBlocks_project_file>
	<FileVersion major="1" minor="6" />
	<Project>
		<Option title="FinalProject" />
		<Option pch_mode="2" />
		<Option compiler="gcc" />
		<Build>
			<Target title="Debug">
				<Option output="bin/Debug/FinalProject" prefix_auto="1" extension_auto="1" />
				<Option object_output="obj/Debug/" />
				<Option type="1" />
				<Option compiler="gcc" />
				<Compiler>
					<Add option="-g" />
				</Compiler>
				<Linker>
					<Add library="SDLmain" />
					<Add library="SDL" />
					<Add library="SDL_image" />
					<Add library="SDL_gfx" />
					<Add library="SDL_ttf" />
				</Linker>
			</Target>
			<Target title="Release">
				<Option output="bin/Release/FinalProject" prefix_auto="1" extension_auto="1" />
				<Option object_output="obj/Release/" />
				<Option type="1" />
				<Option compiler="gcc" />
				<Compiler>
					<Add option="-O2" />
				</Compiler>
				<Linker>
					<Add option="-s" />
				</Linker>
			</Target>
		</Build>
		<Compiler>
			<Add option="-Wall" />
		</Compiler>
		<Unit filename="Base.cpp" />
		<Unit filename="Base.h" />
		<Unit filename="Button.cpp" />
		<Unit filename="Button.h" />
		<Unit filename="Container.cpp" />
		<Unit filename="Container.h" />
		<Unit filename="Control.cpp" />
		<Unit filename="Control.h" />
		<Unit filename="Direction.h" />
		<Unit filename="GameActions.h" />
		<Unit filename="GameEngine.h" />
		<Unit filename="GameState.h" />
		<Unit filename="Image.h" />
		<Unit filename="Label.cpp" />
		<Unit filename="Label.h" />
		<Unit filename="Misc.cpp" />
		<Unit filename="Misc.h" />
		<Unit filename="Sound.h" />
		<Unit filename="Struct.h" />
		<Extensions>
			<code_completion />
			<debugger />
		</Extensions>
	</Project>
</CodeBlocks_project_file>
